
Microsoft Visual Studio Solution File, Format Version 12.00
# Visual Studio Version 16
VisualStudioVersion = 16.0.30907.101
MinimumVisualStudioVersion = 10.0.40219.1
Project("{6EC3EE1D-3C4E-46DD-8F32-0CC8E7565705}") = "RoundingWorkflow", "RoundingWorkflow\RoundingWorkflow.fsproj", "{59BB5A91-E3F7-4F28-9DF9-B17AD4CCC263}"
EndProject
Project("{F2A71F9B-5D33-465A-A702-920D77279786}") = "Tests", "Tests\Tests.fsproj", "{EB042C9E-B23F-4EC6-8649-183270385F0D}"
EndProject
Global
	GlobalSection(SolutionConfigurationPlatforms) = preSolution
		Debug|Any CPU = Debug|Any CPU
		Release|Any CPU = Release|Any CPU
	EndGlobalSection
	GlobalSection(ProjectConfigurationPlatforms) = postSolution
		{59BB5A91-E3F7-4F28-9DF9-B17AD4CCC263}.Debug|Any CPU.ActiveCfg = Debug|Any CPU
		{59BB5A91-E3F7-4F28-9DF9-B17AD4CCC263}.Debug|Any CPU.Build.0 = Debug|Any CPU
		{59BB5A91-E3F7-4F28-9DF9-B17AD4CCC263}.Release|Any CPU.ActiveCfg = Release|Any CPU
		{59BB5A91-E3F7-4F28-9DF9-B17AD4CCC263}.Release|Any CPU.Build.0 = Release|Any CPU
		{EB042C9E-B23F-4EC6-8649-183270385F0D}.Debug|Any CPU.ActiveCfg = Debug|Any CPU
		{EB042C9E-B23F-4EC6-8649-183270385F0D}.Debug|Any CPU.Build.0 = Debug|Any CPU
		{EB042C9E-B23F-4EC6-8649-183270385F0D}.Release|Any CPU.ActiveCfg = Release|Any CPU
		{EB042C9E-B23F-4EC6-8649-183270385F0D}.Release|Any CPU.Build.0 = Release|Any CPU
	EndGlobalSection
	GlobalSection(SolutionProperties) = preSolution
		HideSolutionNode = FALSE
	EndGlobalSection
	GlobalSection(ExtensibilityGlobals) = postSolution
		SolutionGuid = {BAE4D1F7-E281-4BE7-8423-BD1911D0C899}
	EndGlobalSection
EndGlobal
