
Microsoft Visual Studio Solution File, Format Version 12.00
# Visual Studio Version 16
VisualStudioVersion = 16.0.30907.101
MinimumVisualStudioVersion = 10.0.40219.1
Project("{F2A71F9B-5D33-465A-A702-920D77279786}") = "MiniCrawler", "MiniCrawler\MiniCrawler.fsproj", "{D0FCBD04-70FD-4C12-8DE4-704ACCDEA3CC}"
EndProject
Project("{F2A71F9B-5D33-465A-A702-920D77279786}") = "Tests", "Tests\Tests.fsproj", "{D606F8FF-D12E-4F87-BB7B-93054B4B15F6}"
EndProject
Global
	GlobalSection(SolutionConfigurationPlatforms) = preSolution
		Debug|Any CPU = Debug|Any CPU
		Release|Any CPU = Release|Any CPU
	EndGlobalSection
	GlobalSection(ProjectConfigurationPlatforms) = postSolution
		{D0FCBD04-70FD-4C12-8DE4-704ACCDEA3CC}.Debug|Any CPU.ActiveCfg = Debug|Any CPU
		{D0FCBD04-70FD-4C12-8DE4-704ACCDEA3CC}.Debug|Any CPU.Build.0 = Debug|Any CPU
		{D0FCBD04-70FD-4C12-8DE4-704ACCDEA3CC}.Release|Any CPU.ActiveCfg = Release|Any CPU
		{D0FCBD04-70FD-4C12-8DE4-704ACCDEA3CC}.Release|Any CPU.Build.0 = Release|Any CPU
		{D606F8FF-D12E-4F87-BB7B-93054B4B15F6}.Debug|Any CPU.ActiveCfg = Debug|Any CPU
		{D606F8FF-D12E-4F87-BB7B-93054B4B15F6}.Debug|Any CPU.Build.0 = Debug|Any CPU
		{D606F8FF-D12E-4F87-BB7B-93054B4B15F6}.Release|Any CPU.ActiveCfg = Release|Any CPU
		{D606F8FF-D12E-4F87-BB7B-93054B4B15F6}.Release|Any CPU.Build.0 = Release|Any CPU
	EndGlobalSection
	GlobalSection(SolutionProperties) = preSolution
		HideSolutionNode = FALSE
	EndGlobalSection
	GlobalSection(ExtensibilityGlobals) = postSolution
		SolutionGuid = {B060BE28-A25B-4320-8636-23EE456FE4EC}
	EndGlobalSection
EndGlobal
