
Microsoft Visual Studio Solution File, Format Version 12.00
# Visual Studio Version 16
VisualStudioVersion = 16.0.30907.101
MinimumVisualStudioVersion = 10.0.40219.1
Project("{F2A71F9B-5D33-465A-A702-920D77279786}") = "1.1-Factorial", "1.1-Factorial\1.1-Factorial.fsproj", "{16D05278-6213-4C73-85C3-DB7A709ACE0C}"
EndProject
Global
	GlobalSection(SolutionConfigurationPlatforms) = preSolution
		Debug|Any CPU = Debug|Any CPU
		Release|Any CPU = Release|Any CPU
	EndGlobalSection
	GlobalSection(ProjectConfigurationPlatforms) = postSolution
		{16D05278-6213-4C73-85C3-DB7A709ACE0C}.Debug|Any CPU.ActiveCfg = Debug|Any CPU
		{16D05278-6213-4C73-85C3-DB7A709ACE0C}.Debug|Any CPU.Build.0 = Debug|Any CPU
		{16D05278-6213-4C73-85C3-DB7A709ACE0C}.Release|Any CPU.ActiveCfg = Release|Any CPU
		{16D05278-6213-4C73-85C3-DB7A709ACE0C}.Release|Any CPU.Build.0 = Release|Any CPU
	EndGlobalSection
	GlobalSection(SolutionProperties) = preSolution
		HideSolutionNode = FALSE
	EndGlobalSection
	GlobalSection(ExtensibilityGlobals) = postSolution
		SolutionGuid = {EFB88A0D-97C0-47F1-BC86-676C228ACA99}
	EndGlobalSection
EndGlobal
