
Microsoft Visual Studio Solution File, Format Version 12.00
# Visual Studio Version 16
VisualStudioVersion = 16.0.30907.101
MinimumVisualStudioVersion = 10.0.40219.1
Project("{F2A71F9B-5D33-465A-A702-920D77279786}") = "TestAttempt01", "TestAttempt01\TestAttempt01.fsproj", "{CCE187AD-D72B-47B9-B4DF-D5B5130965D7}"
EndProject
Project("{F2A71F9B-5D33-465A-A702-920D77279786}") = "Tests", "Tests\Tests.fsproj", "{AF0B9124-6938-4F46-B150-62B0917F3A30}"
EndProject
Global
	GlobalSection(SolutionConfigurationPlatforms) = preSolution
		Debug|Any CPU = Debug|Any CPU
		Release|Any CPU = Release|Any CPU
	EndGlobalSection
	GlobalSection(ProjectConfigurationPlatforms) = postSolution
		{CCE187AD-D72B-47B9-B4DF-D5B5130965D7}.Debug|Any CPU.ActiveCfg = Debug|Any CPU
		{CCE187AD-D72B-47B9-B4DF-D5B5130965D7}.Debug|Any CPU.Build.0 = Debug|Any CPU
		{CCE187AD-D72B-47B9-B4DF-D5B5130965D7}.Release|Any CPU.ActiveCfg = Release|Any CPU
		{CCE187AD-D72B-47B9-B4DF-D5B5130965D7}.Release|Any CPU.Build.0 = Release|Any CPU
		{AF0B9124-6938-4F46-B150-62B0917F3A30}.Debug|Any CPU.ActiveCfg = Debug|Any CPU
		{AF0B9124-6938-4F46-B150-62B0917F3A30}.Debug|Any CPU.Build.0 = Debug|Any CPU
		{AF0B9124-6938-4F46-B150-62B0917F3A30}.Release|Any CPU.ActiveCfg = Release|Any CPU
		{AF0B9124-6938-4F46-B150-62B0917F3A30}.Release|Any CPU.Build.0 = Release|Any CPU
	EndGlobalSection
	GlobalSection(SolutionProperties) = preSolution
		HideSolutionNode = FALSE
	EndGlobalSection
	GlobalSection(ExtensibilityGlobals) = postSolution
		SolutionGuid = {F1BAA597-6CF9-40E1-B736-3DFA18E3A271}
	EndGlobalSection
EndGlobal
